
Microsoft Visual Studio Solution File, Format Version 12.00
# Visual Studio Version 16
VisualStudioVersion = 16.0.31624.102
MinimumVisualStudioVersion = 10.0.40219.1
Project("{FAE04EC0-301F-11D3-BF4B-00C04F79EFBC}") = "BugTracker", "BugTracker.csproj", "{179BB78A-7B61-45F7-949E-6B4E9FBC13F0}"
EndProject
Global
	GlobalSection(SolutionConfigurationPlatforms) = preSolution
		Debug|Any CPU = Debug|Any CPU
		Release|Any CPU = Release|Any CPU
	EndGlobalSection
	GlobalSection(ProjectConfigurationPlatforms) = postSolution
		{179BB78A-7B61-45F7-949E-6B4E9FBC13F0}.Debug|Any CPU.ActiveCfg = Debug|Any CPU
		{179BB78A-7B61-45F7-949E-6B4E9FBC13F0}.Debug|Any CPU.Build.0 = Debug|Any CPU
		{179BB78A-7B61-45F7-949E-6B4E9FBC13F0}.Release|Any CPU.ActiveCfg = Release|Any CPU
		{179BB78A-7B61-45F7-949E-6B4E9FBC13F0}.Release|Any CPU.Build.0 = Release|Any CPU
	EndGlobalSection
	GlobalSection(SolutionProperties) = preSolution
		HideSolutionNode = FALSE
	EndGlobalSection
	GlobalSection(ExtensibilityGlobals) = postSolution
		SolutionGuid = {3A1CD9E3-126D-4317-AFF2-06F569D9FAC8}
	EndGlobalSection
EndGlobal
